{
  "name": "pico-preact",
  "lockfileVersion": 3,
  "requires": true,
  "packages": {
    "": {
      "name": "pico-preact",
      "license": "MIT",
      "dependencies": {
        "@tanstack/preact-query": "^5.93.0",
        "preact": "^10.28.4",
        "preact-iso": "^2.11.1"
      }
    },
    "node_modules/@tanstack/preact-query": {
      "version": "5.93.0",
      "resolved": "https://registry.npmjs.org/@tanstack/preact-query/-/preact-query-5.93.0.tgz",
      "integrity": "sha512-c4vQWaO5mWhLUo4JYH6mfXUTK0DS+yO6S+3LLX2o0leALxzI8iRip84Cuty5iz/qQeKRULrOWHeNOt6EU6w2aw==",
      "license": "MIT",
      "dependencies": {
        "@tanstack/query-core": "5.90.20"
      },
      "funding": {
        "type": "github",
        "url": "https://github.com/sponsors/tannerlinsley"
      },
      "peerDependencies": {
        "preact": "^10.0.0"
      }
    },
    "node_modules/@tanstack/query-core": {
      "version": "5.90.20",
      "resolved": "https://registry.npmjs.org/@tanstack/query-core/-/query-core-5.90.20.tgz",
      "integrity": "sha512-OMD2HLpNouXEfZJWcKeVKUgQ5n+n3A2JFmBaScpNDUqSrQSjiveC7dKMe53uJUg1nDG16ttFPz2xfilz6i2uVg==",
      "license": "MIT",
      "funding": {
        "type": "github",
        "url": "https://github.com/sponsors/tannerlinsley"
      }
    },
    "node_modules/preact": {
      "version": "10.28.4",
      "resolved": "https://registry.npmjs.org/preact/-/preact-10.28.4.tgz",
      "integrity": "sha512-uKFfOHWuSNpRFVTnljsCluEFq57OKT+0QdOiQo8XWnQ/pSvg7OpX5eNOejELXJMWy+BwM2nobz0FkvzmnpCNsQ==",
      "license": "MIT",
      "funding": {
        "type": "opencollective",
        "url": "https://opencollective.com/preact"
      }
    },
    "node_modules/preact-iso": {
      "version": "2.11.1",
      "resolved": "https://registry.npmjs.org/preact-iso/-/preact-iso-2.11.1.tgz",
      "integrity": "sha512-rLy0RmzP/hrDjnFdnEblxFgKtzUj4njkHrpGJBGS7S4QuYw1zv0lA38qsWpeAAB10JAz/hF2CsHrLen9ufCtbw==",
      "license": "MIT",
      "peerDependencies": {
        "preact": ">=10 || >= 11.0.0-0",
        "preact-render-to-string": ">=6.4.0"
      }
    },
    "node_modules/preact-render-to-string": {
      "version": "6.6.6",
      "resolved": "https://registry.npmjs.org/preact-render-to-string/-/preact-render-to-string-6.6.6.tgz",
      "integrity": "sha512-EfqZJytnjJldV+YaaqhthU2oXsEf5e+6rDv957p+zxAvNfFLQOPfvBOTncscQ+akzu6Wrl7s3Pa0LjUQmWJsGQ==",
      "license": "MIT",
      "peer": true,
      "peerDependencies": {
        "preact": ">=10 || >= 11.0.0-0"
      }
    }
  }
}
